{
  "requires": true,
  "lockfileVersion": 1,
  "dependencies": {
    "nouislider": {
      "version": "14.2.0",
      "resolved": "https://registry.npmjs.org/nouislider/-/nouislider-14.2.0.tgz",
      "integrity": "sha512-IeDy8kA3uEtQIS35izyWg9tF0ycNTXvXPxB1SpEAxGGty2MqOIqkyMpOjCqT7Oag99fPRGRGuzHuuemU9+hCmw=="
    }
  }
}
